{
  "name": "wk3-day2-homework",
  "version": "1.0.0",
  "lockfileVersion": 3,
  "requires": true,
  "packages": {
    "": {
      "name": "wk3-day2-homework",
      "version": "1.0.0",
      "license": "ISC",
      "devDependencies": {
        "parallelshell": "^3.0.1"
      }
    },
    "node_modules/parallelshell": {
      "version": "3.0.1",
      "resolved": "https://registry.npmjs.org/parallelshell/-/parallelshell-3.0.1.tgz",
      "integrity": "sha512-xsSQGhJTFjbSW3WGsnSFTg1G17dcDU+gMH7bWxjAiy/3H579KPFbSp3fhkZ+jx2wcZuoav46nq+QVX0I0xPcyA==",
      "dev": true,
      "license": "MIT",
      "bin": {
        "parallelshell": "index.js"
      }
    }
  }
}
